
Microsoft Visual Studio Solution File, Format Version 12.00
# Visual Studio 15
VisualStudioVersion = 15.0.26430.14
MinimumVisualStudioVersion = 10.0.40219.1
Project("{9A19103F-16F7-4668-BE54-9A1E7A4F7556}") = "TradeHelper.EntityModel", "TradeHelper.EntityModel\TradeHelper.EntityModel.csproj", "{8C16E14E-3EDB-4BAF-B6C7-C3BC8194ACCA}"
EndProject
Project("{9A19103F-16F7-4668-BE54-9A1E7A4F7556}") = "TradeHelper.WebApi", "TradeHelper.WebAPI\TradeHelper.WebApi.csproj", "{BB454B00-DC3A-462D-B334-CB2F56E1694D}"
EndProject
Project("{9A19103F-16F7-4668-BE54-9A1E7A4F7556}") = "TradeHelper.BLL", "TradeHelper.BLL\TradeHelper.BLL.csproj", "{90B16673-3056-4AC0-878A-1676422F37C6}"
EndProject
Project("{9A19103F-16F7-4668-BE54-9A1E7A4F7556}") = "TradeHelper.Services", "TradeHelper.Services\TradeHelper.Services.csproj", "{D4A7D39A-70FD-425F-B0C2-7FEC575A0776}"
EndProject
Global
	GlobalSection(SolutionConfigurationPlatforms) = preSolution
		Debug|Any CPU = Debug|Any CPU
		Release|Any CPU = Release|Any CPU
	EndGlobalSection
	GlobalSection(ProjectConfigurationPlatforms) = postSolution
		{8C16E14E-3EDB-4BAF-B6C7-C3BC8194ACCA}.Debug|Any CPU.ActiveCfg = Debug|Any CPU
		{8C16E14E-3EDB-4BAF-B6C7-C3BC8194ACCA}.Debug|Any CPU.Build.0 = Debug|Any CPU
		{8C16E14E-3EDB-4BAF-B6C7-C3BC8194ACCA}.Release|Any CPU.ActiveCfg = Release|Any CPU
		{8C16E14E-3EDB-4BAF-B6C7-C3BC8194ACCA}.Release|Any CPU.Build.0 = Release|Any CPU
		{BB454B00-DC3A-462D-B334-CB2F56E1694D}.Debug|Any CPU.ActiveCfg = Debug|Any CPU
		{BB454B00-DC3A-462D-B334-CB2F56E1694D}.Debug|Any CPU.Build.0 = Debug|Any CPU
		{BB454B00-DC3A-462D-B334-CB2F56E1694D}.Release|Any CPU.ActiveCfg = Release|Any CPU
		{BB454B00-DC3A-462D-B334-CB2F56E1694D}.Release|Any CPU.Build.0 = Release|Any CPU
		{90B16673-3056-4AC0-878A-1676422F37C6}.Debug|Any CPU.ActiveCfg = Debug|Any CPU
		{90B16673-3056-4AC0-878A-1676422F37C6}.Debug|Any CPU.Build.0 = Debug|Any CPU
		{90B16673-3056-4AC0-878A-1676422F37C6}.Release|Any CPU.ActiveCfg = Release|Any CPU
		{90B16673-3056-4AC0-878A-1676422F37C6}.Release|Any CPU.Build.0 = Release|Any CPU
		{D4A7D39A-70FD-425F-B0C2-7FEC575A0776}.Debug|Any CPU.ActiveCfg = Debug|Any CPU
		{D4A7D39A-70FD-425F-B0C2-7FEC575A0776}.Debug|Any CPU.Build.0 = Debug|Any CPU
		{D4A7D39A-70FD-425F-B0C2-7FEC575A0776}.Release|Any CPU.ActiveCfg = Release|Any CPU
		{D4A7D39A-70FD-425F-B0C2-7FEC575A0776}.Release|Any CPU.Build.0 = Release|Any CPU
	EndGlobalSection
	GlobalSection(SolutionProperties) = preSolution
		HideSolutionNode = FALSE
	EndGlobalSection
	GlobalSection(ExtensibilityGlobals) = postSolution
		SolutionGuid = {8E3143BD-E3FB-43F1-B8FA-D615321B6ADD}
	EndGlobalSection
EndGlobal
